// !$*UTF8*$!
{
	archiveVersion = 1;
	classes = {
	};
	objectVersion = 56;
	objects = {

/* Begin PBXBuildFile section */
		A5B2F90F2902702E0009ABDB /* ViewController.swift in Sources */ = {isa = PBXBuildFile; fileRef = A5B2F90E2902702E0009ABDB /* ViewController.swift */; };
		A5FADBD428E13AE400E1D95D /* AppDelegate.swift in Sources */ = {isa = PBXBuildFile; fileRef = A5FADBD328E13AE400E1D95D /* AppDelegate.swift */; };
		A5FADBD628E13AE400E1D95D /* SceneDelegate.swift in Sources */ = {isa = PBXBuildFile; fileRef = A5FADBD528E13AE400E1D95D /* SceneDelegate.swift */; };
		A5FADBDB28E13AE400E1D95D /* Main.storyboard in Resources */ = {isa = PBXBuildFile; fileRef = A5FADBD928E13AE400E1D95D /* Main.storyboard */; };
		A5FADBDE28E13AE400E1D95D /* FSApp.xcdatamodeld in Sources */ = {isa = PBXBuildFile; fileRef = A5FADBDC28E13AE400E1D95D /* FSApp.xcdatamodeld */; };
		A5FADBE028E13AE600E1D95D /* Assets.xcassets in Resources */ = {isa = PBXBuildFile; fileRef = A5FADBDF28E13AE600E1D95D /* Assets.xcassets */; };
		A5FADBE328E13AE600E1D95D /* LaunchScreen.storyboard in Resources */ = {isa = PBXBuildFile; fileRef = A5FADBE128E13AE600E1D95D /* LaunchScreen.storyboard */; };
		C398E9CD389F8A31FB0EF1B8 /* Pods_FSApp.framework in Frameworks */ = {isa = PBXBuildFile; fileRef = 599896D110E1B285C8DDC75D /* Pods_FSApp.framework */; };
/* End PBXBuildFile section */

/* Begin PBXFileReference section */
		599896D110E1B285C8DDC75D /* Pods_FSApp.framework */ = {isa = PBXFileReference; explicitFileType = wrapper.framework; includeInIndex = 0; path = Pods_FSApp.framework; sourceTree = BUILT_PRODUCTS_DIR; };
		9F27D3022EF46BCEC547AA78 /* Pods-FSApp.release.xcconfig */ = {isa = PBXFileReference; includeInIndex = 1; lastKnownFileType = text.xcconfig; name = "Pods-FSApp.release.xcconfig"; path = "Target Support Files/Pods-FSApp/Pods-FSApp.release.xcconfig"; sourceTree = "<group>"; };
		A5B2F90E2902702E0009ABDB /* ViewController.swift */ = {isa = PBXFileReference; lastKnownFileType = sourcecode.swift; path = ViewController.swift; sourceTree = "<group>"; };
		A5FADBD028E13AE400E1D95D /* FSApp.app */ = {isa = PBXFileReference; explicitFileType = wrapper.application; includeInIndex = 0; path = FSApp.app; sourceTree = BUILT_PRODUCTS_DIR; };
		A5FADBD328E13AE400E1D95D /* AppDelegate.swift */ = {isa = PBXFileReference; lastKnownFileType = sourcecode.swift; path = AppDelegate.swift; sourceTree = "<group>"; };
		A5FADBD528E13AE400E1D95D /* SceneDelegate.swift */ = {isa = PBXFileReference; lastKnownFileType = sourcecode.swift; path = SceneDelegate.swift; sourceTree = "<group>"; };
		A5FADBDA28E13AE400E1D95D /* Base */ = {isa = PBXFileReference; lastKnownFileType = file.storyboard; name = Base; path = Base.lproj/Main.storyboard; sourceTree = "<group>"; };
		A5FADBDD28E13AE400E1D95D /* FSApp.xcdatamodel */ = {isa = PBXFileReference; lastKnownFileType = wrapper.xcdatamodel; path = FSApp.xcdatamodel; sourceTree = "<group>"; };
		A5FADBDF28E13AE600E1D95D /* Assets.xcassets */ = {isa = PBXFileReference; lastKnownFileType = folder.assetcatalog; path = Assets.xcassets; sourceTree = "<group>"; };
		A5FADBE228E13AE600E1D95D /* Base */ = {isa = PBXFileReference; lastKnownFileType = file.storyboard; name = Base; path = Base.lproj/LaunchScreen.storyboard; sourceTree = "<group>"; };
		A5FADBE428E13AE600E1D95D /* Info.plist */ = {isa = PBXFileReference; lastKnownFileType = text.plist.xml; path = Info.plist; sourceTree = "<group>"; };
		B77FBD5A05D002F1684C0993 /* Pods-FSApp.debug.xcconfig */ = {isa = PBXFileReference; includeInIndex = 1; lastKnownFileType = text.xcconfig; name = "Pods-FSApp.debug.xcconfig"; path = "Target Support Files/Pods-FSApp/Pods-FSApp.debug.xcconfig"; sourceTree = "<group>"; };
/* End PBXFileReference section */

/* Begin PBXFrameworksBuildPhase section */
		A5FADBCD28E13AE400E1D95D /* Frameworks */ = {
			isa = PBXFrameworksBuildPhase;
			buildActionMask = 2147483647;
			files = (
				C398E9CD389F8A31FB0EF1B8 /* Pods_FSApp.framework in Frameworks */,
			);
			runOnlyForDeploymentPostprocessing = 0;
		};
/* End PBXFrameworksBuildPhase section */

/* Begin PBXGroup section */
		6A9617B41959F257CD4F8F1B /* Pods */ = {
			isa = PBXGroup;
			children = (
				B77FBD5A05D002F1684C0993 /* Pods-FSApp.debug.xcconfig */,
				9F27D3022EF46BCEC547AA78 /* Pods-FSApp.release.xcconfig */,
			);
			path = Pods;
			sourceTree = "<group>";
		};
		A5FADBC728E13AE400E1D95D = {
			isa = PBXGroup;
			children = (
				A5FADBD228E13AE400E1D95D /* FSApp */,
				A5FADBD128E13AE400E1D95D /* Products */,
				6A9617B41959F257CD4F8F1B /* Pods */,
				D4006CC542C6948B7F94B458 /* Frameworks */,
			);
			sourceTree = "<group>";
		};
		A5FADBD128E13AE400E1D95D /* Products */ = {
			isa = PBXGroup;
			children = (
				A5FADBD028E13AE400E1D95D /* FSApp.app */,
			);
			name = Products;
			sourceTree = "<group>";
		};
		A5FADBD228E13AE400E1D95D /* FSApp */ = {
			isa = PBXGroup;
			children = (
				A5FADBD328E13AE400E1D95D /* AppDelegate.swift */,
				A5FADBD528E13AE400E1D95D /* SceneDelegate.swift */,
				A5FADBD928E13AE400E1D95D /* Main.storyboard */,
				A5FADBDF28E13AE600E1D95D /* Assets.xcassets */,
				A5FADBE128E13AE600E1D95D /* LaunchScreen.storyboard */,
				A5FADBE428E13AE600E1D95D /* Info.plist */,
				A5FADBDC28E13AE400E1D95D /* FSApp.xcdatamodeld */,
				A5B2F90E2902702E0009ABDB /* ViewController.swift */,
			);
			path = FSApp;
			sourceTree = "<group>";
		};
		D4006CC542C6948B7F94B458 /* Frameworks */ = {
			isa = PBXGroup;
			children = (
				599896D110E1B285C8DDC75D /* Pods_FSApp.framework */,
			);
			name = Frameworks;
			sourceTree = "<group>";
		};
/* End PBXGroup section */

/* Begin PBXNativeTarget section */
		A5FADBCF28E13AE400E1D95D /* FSApp */ = {
			isa = PBXNativeTarget;
			buildConfigurationList = A5FADBE728E13AE600E1D95D /* Build configuration list for PBXNativeTarget "FSApp" */;
			buildPhases = (
				5CC805A438FCFDA280121784 /* [CP] Check Pods Manifest.lock */,
				A5FADBCC28E13AE400E1D95D /* Sources */,
				A5FADBCD28E13AE400E1D95D /* Frameworks */,
				A5FADBCE28E13AE400E1D95D /* Resources */,
				614B811D22C457D3285FB7D1 /* [CP] Embed Pods Frameworks */,
				64CD53F3C1CA49BE919311EA /* [CP] Copy Pods Resources */,
			);
			buildRules = (
			);
			dependencies = (
			);
			name = FSApp;
			productName = FSApp;
			productReference = A5FADBD028E13AE400E1D95D /* FSApp.app */;
			productType = "com.apple.product-type.application";
		};
/* End PBXNativeTarget section */

/* Begin PBXProject section */
		A5FADBC828E13AE400E1D95D /* Project object */ = {
			isa = PBXProject;
			attributes = {
				BuildIndependentTargetsInParallel = 1;
				LastSwiftUpdateCheck = 1400;
				LastUpgradeCheck = 1400;
				TargetAttributes = {
					A5FADBCF28E13AE400E1D95D = {
						CreatedOnToolsVersion = 14.0;
					};
				};
			};
			buildConfigurationList = A5FADBCB28E13AE400E1D95D /* Build configuration list for PBXProject "FSApp" */;
			compatibilityVersion = "Xcode 14.0";
			developmentRegion = en;
			hasScannedForEncodings = 0;
			knownRegions = (
				en,
				Base,
			);
			mainGroup = A5FADBC728E13AE400E1D95D;
			productRefGroup = A5FADBD128E13AE400E1D95D /* Products */;
			projectDirPath = "";
			projectRoot = "";
			targets = (
				A5FADBCF28E13AE400E1D95D /* FSApp */,
			);
		};
/* End PBXProject section */

/* Begin PBXResourcesBuildPhase section */
		A5FADBCE28E13AE400E1D95D /* Resources */ = {
			isa = PBXResourcesBuildPhase;
			buildActionMask = 2147483647;
			files = (
				A5FADBE328E13AE600E1D95D /* LaunchScreen.storyboard in Resources */,
				A5FADBE028E13AE600E1D95D /* Assets.xcassets in Resources */,
				A5FADBDB28E13AE400E1D95D /* Main.storyboard in Resources */,
			);
			runOnlyForDeploymentPostprocessing = 0;
		};
/* End PBXResourcesBuildPhase section */

/* Begin PBXShellScriptBuildPhase section */
		5CC805A438FCFDA280121784 /* [CP] Check Pods Manifest.lock */ = {
			isa = PBXShellScriptBuildPhase;
			buildActionMask = 2147483647;
			files = (
			);
			inputFileListPaths = (
			);
			inputPaths = (
				"${PODS_PODFILE_DIR_PATH}/Podfile.lock",
				"${PODS_ROOT}/Manifest.lock",
			);
			name = "[CP] Check Pods Manifest.lock";
			outputFileListPaths = (
			);
			outputPaths = (
				"$(DERIVED_FILE_DIR)/Pods-FSApp-checkManifestLockResult.txt",
			);
			runOnlyForDeploymentPostprocessing = 0;
			shellPath = /bin/sh;
			shellScript = "diff \"${PODS_PODFILE_DIR_PATH}/Podfile.lock\" \"${PODS_ROOT}/Manifest.lock\" > /dev/null\nif [ $? != 0 ] ; then\n    # print error to STDERR\n    echo \"error: The sandbox is not in sync with the Podfile.lock. Run 'pod install' or update your CocoaPods installation.\" >&2\n    exit 1\nfi\n# This output is used by Xcode 'outputs' to avoid re-running this script phase.\necho \"SUCCESS\" > \"${SCRIPT_OUTPUT_FILE_0}\"\n";
			showEnvVarsInLog = 0;
		};
		614B811D22C457D3285FB7D1 /* [CP] Embed Pods Frameworks */ = {
			isa = PBXShellScriptBuildPhase;
			buildActionMask = 2147483647;
			files = (
			);
			inputFileListPaths = (
				"${PODS_ROOT}/Target Support Files/Pods-FSApp/Pods-FSApp-frameworks-${CONFIGURATION}-input-files.xcfilelist",
			);
			name = "[CP] Embed Pods Frameworks";
			outputFileListPaths = (
				"${PODS_ROOT}/Target Support Files/Pods-FSApp/Pods-FSApp-frameworks-${CONFIGURATION}-output-files.xcfilelist",
			);
			runOnlyForDeploymentPostprocessing = 0;
			shellPath = /bin/sh;
			shellScript = "\"${PODS_ROOT}/Target Support Files/Pods-FSApp/Pods-FSApp-frameworks.sh\"\n";
			showEnvVarsInLog = 0;
		};
		64CD53F3C1CA49BE919311EA /* [CP] Copy Pods Resources */ = {
			isa = PBXShellScriptBuildPhase;
			buildActionMask = 2147483647;
			files = (
			);
			inputFileListPaths = (
				"${PODS_ROOT}/Target Support Files/Pods-FSApp/Pods-FSApp-resources-${CONFIGURATION}-input-files.xcfilelist",
			);
			name = "[CP] Copy Pods Resources";
			outputFileListPaths = (
				"${PODS_ROOT}/Target Support Files/Pods-FSApp/Pods-FSApp-resources-${CONFIGURATION}-output-files.xcfilelist",
			);
			runOnlyForDeploymentPostprocessing = 0;
			shellPath = /bin/sh;
			shellScript = "\"${PODS_ROOT}/Target Support Files/Pods-FSApp/Pods-FSApp-resources.sh\"\n";
			showEnvVarsInLog = 0;
		};
/* End PBXShellScriptBuildPhase section */

/* Begin PBXSourcesBuildPhase section */
		A5FADBCC28E13AE400E1D95D /* Sources */ = {
			isa = PBXSourcesBuildPhase;
			buildActionMask = 2147483647;
			files = (
				A5FADBDE28E13AE400E1D95D /* FSApp.xcdatamodeld in Sources */,
				A5FADBD428E13AE400E1D95D /* AppDelegate.swift in Sources */,
				A5B2F90F2902702E0009ABDB /* ViewController.swift in Sources */,
				A5FADBD628E13AE400E1D95D /* SceneDelegate.swift in Sources */,
			);
			runOnlyForDeploymentPostprocessing = 0;
		};
/* End PBXSourcesBuildPhase section */

/* Begin PBXVariantGroup section */
		A5FADBD928E13AE400E1D95D /* Main.storyboard */ = {
			isa = PBXVariantGroup;
			children = (
				A5FADBDA28E13AE400E1D95D /* Base */,
			);
			name = Main.storyboard;
			sourceTree = "<group>";
		};
		A5FADBE128E13AE600E1D95D /* LaunchScreen.storyboard */ = {
			isa = PBXVariantGroup;
			children = (
				A5FADBE228E13AE600E1D95D /* Base */,
			);
			name = LaunchScreen.storyboard;
			sourceTree = "<group>";
		};
/* End PBXVariantGroup section */

/* Begin XCBuildConfiguration section */
		A5FADBE528E13AE600E1D95D /* Debug */ = {
			isa = XCBuildConfiguration;
			buildSettings = {
				ALWAYS_SEARCH_USER_PATHS = NO;
				CLANG_ANALYZER_NONNULL = YES;
				CLANG_ANALYZER_NUMBER_OBJECT_CONVERSION = YES_AGGRESSIVE;
				CLANG_CXX_LANGUAGE_STANDARD = "gnu++20";
				CLANG_ENABLE_MODULES = YES;
				CLANG_ENABLE_OBJC_ARC = YES;
				CLANG_ENABLE_OBJC_WEAK = YES;
				CLANG_WARN_BLOCK_CAPTURE_AUTORELEASING = YES;
				CLANG_WARN_BOOL_CONVERSION = YES;
				CLANG_WARN_COMMA = YES;
				CLANG_WARN_CONSTANT_CONVERSION = YES;
				CLANG_WARN_DEPRECATED_OBJC_IMPLEMENTATIONS = YES;
				CLANG_WARN_DIRECT_OBJC_ISA_USAGE = YES_ERROR;
				CLANG_WARN_DOCUMENTATION_COMMENTS = YES;
				CLANG_WARN_EMPTY_BODY = YES;
				CLANG_WARN_ENUM_CONVERSION = YES;
				CLANG_WARN_INFINITE_RECURSION = YES;
				CLANG_WARN_INT_CONVERSION = YES;
				CLANG_WARN_NON_LITERAL_NULL_CONVERSION = YES;
				CLANG_WARN_OBJC_IMPLICIT_RETAIN_SELF = YES;
				CLANG_WARN_OBJC_LITERAL_CONVERSION = YES;
				CLANG_WARN_OBJC_ROOT_CLASS = YES_ERROR;
				CLANG_WARN_QUOTED_INCLUDE_IN_FRAMEWORK_HEADER = YES;
				CLANG_WARN_RANGE_LOOP_ANALYSIS = YES;
				CLANG_WARN_STRICT_PROTOTYPES = YES;
				CLANG_WARN_SUSPICIOUS_MOVE = YES;
				CLANG_WARN_UNGUARDED_AVAILABILITY = YES_AGGRESSIVE;
				CLANG_WARN_UNREACHABLE_CODE = YES;
				CLANG_WARN__DUPLICATE_METHOD_MATCH = YES;
				COPY_PHASE_STRIP = NO;
				DEBUG_INFORMATION_FORMAT = dwarf;
				ENABLE_STRICT_OBJC_MSGSEND = YES;
				ENABLE_TESTABILITY = YES;
				GCC_C_LANGUAGE_STANDARD = gnu11;
				GCC_DYNAMIC_NO_PIC = NO;
				GCC_NO_COMMON_BLOCKS = YES;
				GCC_OPTIMIZATION_LEVEL = 0;
				GCC_PREPROCESSOR_DEFINITIONS = (
					"DEBUG=1",
					"$(inherited)",
				);
				GCC_WARN_64_TO_32_BIT_CONVERSION = YES;
				GCC_WARN_ABOUT_RETURN_TYPE = YES_ERROR;
				GCC_WARN_UNDECLARED_SELECTOR = YES;
				GCC_WARN_UNINITIALIZED_AUTOS = YES_AGGRESSIVE;
				GCC_WARN_UNUSED_FUNCTION = YES;
				GCC_WARN_UNUSED_VARIABLE = YES;
				IPHONEOS_DEPLOYMENT_TARGET = 16.0;
				MTL_ENABLE_DEBUG_INFO = INCLUDE_SOURCE;
				MTL_FAST_MATH = YES;
				ONLY_ACTIVE_ARCH = YES;
				SDKROOT = iphoneos;
				SWIFT_ACTIVE_COMPILATION_CONDITIONS = DEBUG;
				SWIFT_OPTIMIZATION_LEVEL = "-Onone";
			};
			name = Debug;
		};
		A5FADBE628E13AE600E1D95D /* Release */ = {
			isa = XCBuildConfiguration;
			buildSettings = {
				ALWAYS_SEARCH_USER_PATHS = NO;
				CLANG_ANALYZER_NONNULL = YES;
				CLANG_ANALYZER_NUMBER_OBJECT_CONVERSION = YES_AGGRESSIVE;
				CLANG_CXX_LANGUAGE_STANDARD = "gnu++20";
				CLANG_ENABLE_MODULES = YES;
				CLANG_ENABLE_OBJC_ARC = YES;
				CLANG_ENABLE_OBJC_WEAK = YES;
				CLANG_WARN_BLOCK_CAPTURE_AUTORELEASING = YES;
				CLANG_WARN_BOOL_CONVERSION = YES;
				CLANG_WARN_COMMA = YES;
				CLANG_WARN_CONSTANT_CONVERSION = YES;
				CLANG_WARN_DEPRECATED_OBJC_IMPLEMENTATIONS = YES;
				CLANG_WARN_DIRECT_OBJC_ISA_USAGE = YES_ERROR;
				CLANG_WARN_DOCUMENTATION_COMMENTS = YES;
				CLANG_WARN_EMPTY_BODY = YES;
				CLANG_WARN_ENUM_CONVERSION = YES;
				CLANG_WARN_INFINITE_RECURSION = YES;
				CLANG_WARN_INT_CONVERSION = YES;
				CLANG_WARN_NON_LITERAL_NULL_CONVERSION = YES;
				CLANG_WARN_OBJC_IMPLICIT_RETAIN_SELF = YES;
				CLANG_WARN_OBJC_LITERAL_CONVERSION = YES;
				CLANG_WARN_OBJC_ROOT_CLASS = YES_ERROR;
				CLANG_WARN_QUOTED_INCLUDE_IN_FRAMEWORK_HEADER = YES;
				CLANG_WARN_RANGE_LOOP_ANALYSIS = YES;
				CLANG_WARN_STRICT_PROTOTYPES = YES;
				CLANG_WARN_SUSPICIOUS_MOVE = YES;
				CLANG_WARN_UNGUARDED_AVAILABILITY = YES_AGGRESSIVE;
				CLANG_WARN_UNREACHABLE_CODE = YES;
				CLANG_WARN__DUPLICATE_METHOD_MATCH = YES;
				COPY_PHASE_STRIP = NO;
				DEBUG_INFORMATION_FORMAT = "dwarf-with-dsym";
				ENABLE_NS_ASSERTIONS = NO;
				ENABLE_STRICT_OBJC_MSGSEND = YES;
				GCC_C_LANGUAGE_STANDARD = gnu11;
				GCC_NO_COMMON_BLOCKS = YES;
				GCC_WARN_64_TO_32_BIT_CONVERSION = YES;
				GCC_WARN_ABOUT_RETURN_TYPE = YES_ERROR;
				GCC_WARN_UNDECLARED_SELECTOR = YES;
				GCC_WARN_UNINITIALIZED_AUTOS = YES_AGGRESSIVE;
				GCC_WARN_UNUSED_FUNCTION = YES;
				GCC_WARN_UNUSED_VARIABLE = YES;
				IPHONEOS_DEPLOYMENT_TARGET = 16.0;
				MTL_ENABLE_DEBUG_INFO = NO;
				MTL_FAST_MATH = YES;
				SDKROOT = iphoneos;
				SWIFT_COMPILATION_MODE = wholemodule;
				SWIFT_OPTIMIZATION_LEVEL = "-O";
				VALIDATE_PRODUCT = YES;
			};
			name = Release;
		};
		A5FADBE828E13AE600E1D95D /* Debug */ = {
			isa = XCBuildConfiguration;
			baseConfigurationReference = B77FBD5A05D002F1684C0993 /* Pods-FSApp.debug.xcconfig */;
			buildSettings = {
				ASSETCATALOG_COMPILER_APPICON_NAME = AppIcon;
				ASSETCATALOG_COMPILER_GLOBAL_ACCENT_COLOR_NAME = AccentColor;
				CODE_SIGN_STYLE = Automatic;
				CURRENT_PROJECT_VERSION = 1;
				DEVELOPMENT_TEAM = LF3WGCD49M;
				"EXCLUDED_ARCHS[sdk=iphonesimulator*]" = arm64;
				GENERATE_INFOPLIST_FILE = YES;
				INFOPLIST_FILE = FSApp/Info.plist;
				INFOPLIST_KEY_UIApplicationSupportsIndirectInputEvents = YES;
				INFOPLIST_KEY_UILaunchStoryboardName = LaunchScreen;
				INFOPLIST_KEY_UIMainStoryboardFile = Main;
				INFOPLIST_KEY_UISupportedInterfaceOrientations_iPad = "UIInterfaceOrientationPortrait UIInterfaceOrientationPortraitUpsideDown UIInterfaceOrientationLandscapeLeft UIInterfaceOrientationLandscapeRight";
				INFOPLIST_KEY_UISupportedInterfaceOrientations_iPhone = "UIInterfaceOrientationPortrait UIInterfaceOrientationLandscapeLeft UIInterfaceOrientationLandscapeRight";
				IPHONEOS_DEPLOYMENT_TARGET = 13.0;
				LD_RUNPATH_SEARCH_PATHS = (
					"$(inherited)",
					"@executable_path/Frameworks",
				);
				MARKETING_VERSION = 1.0;
				PRODUCT_BUNDLE_IDENTIFIER = "-------Ebihara-Satusuki-.FSApp";
				PRODUCT_NAME = "$(TARGET_NAME)";
				SWIFT_EMIT_LOC_STRINGS = YES;
				SWIFT_VERSION = 5.0;
				TARGETED_DEVICE_FAMILY = "1,2";
			};
			name = Debug;
		};
		A5FADBE928E13AE600E1D95D /* Release */ = {
			isa = XCBuildConfiguration;
			baseConfigurationReference = 9F27D3022EF46BCEC547AA78 /* Pods-FSApp.release.xcconfig */;
			buildSettings = {
				ASSETCATALOG_COMPILER_APPICON_NAME = AppIcon;
				ASSETCATALOG_COMPILER_GLOBAL_ACCENT_COLOR_NAME = AccentColor;
				CODE_SIGN_STYLE = Automatic;
				CURRENT_PROJECT_VERSION = 1;
				DEVELOPMENT_TEAM = LF3WGCD49M;
				"EXCLUDED_ARCHS[sdk=iphonesimulator*]" = arm64;
				GENERATE_INFOPLIST_FILE = YES;
				INFOPLIST_FILE = FSApp/Info.plist;
				INFOPLIST_KEY_UIApplicationSupportsIndirectInputEvents = YES;
				INFOPLIST_KEY_UILaunchStoryboardName = LaunchScreen;
				INFOPLIST_KEY_UIMainStoryboardFile = Main;
				INFOPLIST_KEY_UISupportedInterfaceOrientations_iPad = "UIInterfaceOrientationPortrait UIInterfaceOrientationPortraitUpsideDown UIInterfaceOrientationLandscapeLeft UIInterfaceOrientationLandscapeRight";
				INFOPLIST_KEY_UISupportedInterfaceOrientations_iPhone = "UIInterfaceOrientationPortrait UIInterfaceOrientationLandscapeLeft UIInterfaceOrientationLandscapeRight";
				IPHONEOS_DEPLOYMENT_TARGET = 13.0;
				LD_RUNPATH_SEARCH_PATHS = (
					"$(inherited)",
					"@executable_path/Frameworks",
				);
				MARKETING_VERSION = 1.0;
				PRODUCT_BUNDLE_IDENTIFIER = "-------Ebihara-Satusuki-.FSApp";
				PRODUCT_NAME = "$(TARGET_NAME)";
				SWIFT_EMIT_LOC_STRINGS = YES;
				SWIFT_VERSION = 5.0;
				TARGETED_DEVICE_FAMILY = "1,2";
			};
			name = Release;
		};
/* End XCBuildConfiguration section */

/* Begin XCConfigurationList section */
		A5FADBCB28E13AE400E1D95D /* Build configuration list for PBXProject "FSApp" */ = {
			isa = XCConfigurationList;
			buildConfigurations = (
				A5FADBE528E13AE600E1D95D /* Debug */,
				A5FADBE628E13AE600E1D95D /* Release */,
			);
			defaultConfigurationIsVisible = 0;
			defaultConfigurationName = Release;
		};
		A5FADBE728E13AE600E1D95D /* Build configuration list for PBXNativeTarget "FSApp" */ = {
			isa = XCConfigurationList;
			buildConfigurations = (
				A5FADBE828E13AE600E1D95D /* Debug */,
				A5FADBE928E13AE600E1D95D /* Release */,
			);
			defaultConfigurationIsVisible = 0;
			defaultConfigurationName = Release;
		};
/* End XCConfigurationList section */

/* Begin XCVersionGroup section */
		A5FADBDC28E13AE400E1D95D /* FSApp.xcdatamodeld */ = {
			isa = XCVersionGroup;
			children = (
				A5FADBDD28E13AE400E1D95D /* FSApp.xcdatamodel */,
			);
			currentVersion = A5FADBDD28E13AE400E1D95D /* FSApp.xcdatamodel */;
			path = FSApp.xcdatamodeld;
			sourceTree = "<group>";
			versionGroupType = wrapper.xcdatamodel;
		};
/* End XCVersionGroup section */
	};
	rootObject = A5FADBC828E13AE400E1D95D /* Project object */;
}
